
Microsoft Visual Studio Solution File, Format Version 12.00
# Visual Studio Version 17
VisualStudioVersion = 17.13.35825.156 d17.13
MinimumVisualStudioVersion = 10.0.40219.1
Project("{FAE04EC0-301F-11D3-BF4B-00C04F79EFBC}") = "TestProject1", "TestProject1\TestProject1.csproj", "{7F485682-1FFC-43FF-83D7-CEAEA80EC682}"
EndProject
Global
	GlobalSection(SolutionConfigurationPlatforms) = preSolution
		Debug|Any CPU = Debug|Any CPU
		Release|Any CPU = Release|Any CPU
	EndGlobalSection
	GlobalSection(ProjectConfigurationPlatforms) = postSolution
		{7F485682-1FFC-43FF-83D7-CEAEA80EC682}.Debug|Any CPU.ActiveCfg = Debug|Any CPU
		{7F485682-1FFC-43FF-83D7-CEAEA80EC682}.Debug|Any CPU.Build.0 = Debug|Any CPU
		{7F485682-1FFC-43FF-83D7-CEAEA80EC682}.Release|Any CPU.ActiveCfg = Release|Any CPU
		{7F485682-1FFC-43FF-83D7-CEAEA80EC682}.Release|Any CPU.Build.0 = Release|Any CPU
	EndGlobalSection
	GlobalSection(SolutionProperties) = preSolution
		HideSolutionNode = FALSE
	EndGlobalSection
	GlobalSection(ExtensibilityGlobals) = postSolution
		SolutionGuid = {5E1A2842-7010-41B1-AE15-C3B4E03A19A8}
	EndGlobalSection
EndGlobal
